
Microsoft Visual Studio Solution File, Format Version 12.00
# Visual Studio Version 17
VisualStudioVersion = 17.11.35312.102
MinimumVisualStudioVersion = 10.0.40219.1
Project("{FAE04EC0-301F-11D3-BF4B-00C04F79EFBC}") = "Leiterplattendrucker_V1", "Leiterplattendrucker_V1\Leiterplattendrucker_V1.csproj", "{8C7C8DC7-F2E4-4E40-8F4D-EEF571EC44DE}"
EndProject
Global
	GlobalSection(SolutionConfigurationPlatforms) = preSolution
		Debug|Any CPU = Debug|Any CPU
		Release|Any CPU = Release|Any CPU
	EndGlobalSection
	GlobalSection(ProjectConfigurationPlatforms) = postSolution
		{8C7C8DC7-F2E4-4E40-8F4D-EEF571EC44DE}.Debug|Any CPU.ActiveCfg = Debug|Any CPU
		{8C7C8DC7-F2E4-4E40-8F4D-EEF571EC44DE}.Debug|Any CPU.Build.0 = Debug|Any CPU
		{8C7C8DC7-F2E4-4E40-8F4D-EEF571EC44DE}.Release|Any CPU.ActiveCfg = Release|Any CPU
		{8C7C8DC7-F2E4-4E40-8F4D-EEF571EC44DE}.Release|Any CPU.Build.0 = Release|Any CPU
	EndGlobalSection
	GlobalSection(SolutionProperties) = preSolution
		HideSolutionNode = FALSE
	EndGlobalSection
	GlobalSection(ExtensibilityGlobals) = postSolution
		SolutionGuid = {B5BC09AF-5EED-42A3-8E25-F1823326C56A}
	EndGlobalSection
EndGlobal
